
Microsoft Visual Studio Solution File, Format Version 12.00
# Visual Studio Version 17
VisualStudioVersion = 17.13.35931.197 d17.13
MinimumVisualStudioVersion = 10.0.40219.1
Project("{FAE04EC0-301F-11D3-BF4B-00C04F79EFBC}") = "Lrras", "Lrras\Lrras.csproj", "{634E020D-B06B-4F5D-BFFA-24CF22FA5716}"
EndProject
Project("{FAE04EC0-301F-11D3-BF4B-00C04F79EFBC}") = "Lrras.Tests", "Lrras.Tests\Lrras.Tests.csproj", "{E6A73AC1-0B0B-46EE-82FE-4F60A875FD48}"
EndProject
Global
	GlobalSection(SolutionConfigurationPlatforms) = preSolution
		Debug|Any CPU = Debug|Any CPU
		Release|Any CPU = Release|Any CPU
	EndGlobalSection
	GlobalSection(ProjectConfigurationPlatforms) = postSolution
		{634E020D-B06B-4F5D-BFFA-24CF22FA5716}.Debug|Any CPU.ActiveCfg = Debug|Any CPU
		{634E020D-B06B-4F5D-BFFA-24CF22FA5716}.Debug|Any CPU.Build.0 = Debug|Any CPU
		{634E020D-B06B-4F5D-BFFA-24CF22FA5716}.Release|Any CPU.ActiveCfg = Release|Any CPU
		{634E020D-B06B-4F5D-BFFA-24CF22FA5716}.Release|Any CPU.Build.0 = Release|Any CPU
		{E6A73AC1-0B0B-46EE-82FE-4F60A875FD48}.Debug|Any CPU.ActiveCfg = Debug|Any CPU
		{E6A73AC1-0B0B-46EE-82FE-4F60A875FD48}.Debug|Any CPU.Build.0 = Debug|Any CPU
		{E6A73AC1-0B0B-46EE-82FE-4F60A875FD48}.Release|Any CPU.ActiveCfg = Release|Any CPU
		{E6A73AC1-0B0B-46EE-82FE-4F60A875FD48}.Release|Any CPU.Build.0 = Release|Any CPU
	EndGlobalSection
	GlobalSection(SolutionProperties) = preSolution
		HideSolutionNode = FALSE
	EndGlobalSection
	GlobalSection(ExtensibilityGlobals) = postSolution
		SolutionGuid = {F9632ED0-A46F-43D8-9C93-BF6F0C054006}
	EndGlobalSection
EndGlobal
